
Microsoft Visual Studio Solution File, Format Version 12.00
# Visual Studio Version 17
VisualStudioVersion = 17.14.36414.22 d17.14
MinimumVisualStudioVersion = 10.0.40219.1
Project("{FAE04EC0-301F-11D3-BF4B-00C04F79EFBC}") = "test_petrol", "test_petrol\test_petrol.csproj", "{3CF5E6BC-6198-4929-8946-35F7B6D8E36A}"
EndProject
Global
	GlobalSection(SolutionConfigurationPlatforms) = preSolution
		Debug|Any CPU = Debug|Any CPU
		Release|Any CPU = Release|Any CPU
	EndGlobalSection
	GlobalSection(ProjectConfigurationPlatforms) = postSolution
		{3CF5E6BC-6198-4929-8946-35F7B6D8E36A}.Debug|Any CPU.ActiveCfg = Debug|Any CPU
		{3CF5E6BC-6198-4929-8946-35F7B6D8E36A}.Debug|Any CPU.Build.0 = Debug|Any CPU
		{3CF5E6BC-6198-4929-8946-35F7B6D8E36A}.Release|Any CPU.ActiveCfg = Release|Any CPU
		{3CF5E6BC-6198-4929-8946-35F7B6D8E36A}.Release|Any CPU.Build.0 = Release|Any CPU
	EndGlobalSection
	GlobalSection(SolutionProperties) = preSolution
		HideSolutionNode = FALSE
	EndGlobalSection
	GlobalSection(ExtensibilityGlobals) = postSolution
		SolutionGuid = {84300F24-A503-479A-A2F9-88CAC5E5558E}
	EndGlobalSection
EndGlobal
